
Microsoft Visual Studio Solution File, Format Version 12.00
# Visual Studio 15
VisualStudioVersion = 15.0.27004.2010
MinimumVisualStudioVersion = 10.0.40219.1
Project("{FAE04EC0-301F-11D3-BF4B-00C04F79EFBC}") = "AutoHelp", "AutoHelp\AutoHelp.csproj", "{8C16F237-AFFB-4A56-AF88-9319081BFBCE}"
EndProject
Project("{2150E333-8FDC-42A3-9474-1A3956D46DE8}") = ".nuget", ".nuget", "{D298C174-B5B0-4EDE-9457-3729AF1FC5D4}"
	ProjectSection(SolutionItems) = preProject
		.nuget\NuGet.Config = .nuget\NuGet.Config
		.nuget\NuGet.exe = .nuget\NuGet.exe
		.nuget\NuGet.targets = .nuget\NuGet.targets
	EndProjectSection
EndProject
Project("{FAE04EC0-301F-11D3-BF4B-00C04F79EFBC}") = "AutoHelp.domain", "AutoHelp.domain\AutoHelp.domain.csproj", "{DD9099C4-3E87-4EB5-972E-4E6DCCD7A1C3}"
EndProject
Global
	GlobalSection(SolutionConfigurationPlatforms) = preSolution
		Debug|Any CPU = Debug|Any CPU
		Release|Any CPU = Release|Any CPU
	EndGlobalSection
	GlobalSection(ProjectConfigurationPlatforms) = postSolution
		{8C16F237-AFFB-4A56-AF88-9319081BFBCE}.Debug|Any CPU.ActiveCfg = Debug|Any CPU
		{8C16F237-AFFB-4A56-AF88-9319081BFBCE}.Debug|Any CPU.Build.0 = Debug|Any CPU
		{8C16F237-AFFB-4A56-AF88-9319081BFBCE}.Release|Any CPU.ActiveCfg = Release|Any CPU
		{8C16F237-AFFB-4A56-AF88-9319081BFBCE}.Release|Any CPU.Build.0 = Release|Any CPU
		{DD9099C4-3E87-4EB5-972E-4E6DCCD7A1C3}.Debug|Any CPU.ActiveCfg = Debug|Any CPU
		{DD9099C4-3E87-4EB5-972E-4E6DCCD7A1C3}.Debug|Any CPU.Build.0 = Debug|Any CPU
		{DD9099C4-3E87-4EB5-972E-4E6DCCD7A1C3}.Release|Any CPU.ActiveCfg = Release|Any CPU
		{DD9099C4-3E87-4EB5-972E-4E6DCCD7A1C3}.Release|Any CPU.Build.0 = Release|Any CPU
	EndGlobalSection
	GlobalSection(SolutionProperties) = preSolution
		HideSolutionNode = FALSE
	EndGlobalSection
	GlobalSection(ExtensibilityGlobals) = postSolution
		SolutionGuid = {CB236E5C-ABEC-426D-BFA8-9E6A58C5B31D}
	EndGlobalSection
EndGlobal
